
Microsoft Visual Studio Solution File, Format Version 12.00
# Visual Studio Version 16
VisualStudioVersion = 16.0.29215.179
MinimumVisualStudioVersion = 10.0.40219.1
Project("{8BC9CEB8-8B4A-11D0-8D11-00A0C91BC942}") = "ParticleSim", "ParticleSim\ParticleSim.vcxproj", "{82836D5B-D6EC-4543-8510-EDA8304D06FA}"
EndProject
Global
	GlobalSection(SolutionConfigurationPlatforms) = preSolution
		Debug|x64 = Debug|x64
		Debug|x86 = Debug|x86
		Release|x64 = Release|x64
		Release|x86 = Release|x86
	EndGlobalSection
	GlobalSection(ProjectConfigurationPlatforms) = postSolution
		{82836D5B-D6EC-4543-8510-EDA8304D06FA}.Debug|x64.ActiveCfg = Debug|x64
		{82836D5B-D6EC-4543-8510-EDA8304D06FA}.Debug|x64.Build.0 = Debug|x64
		{82836D5B-D6EC-4543-8510-EDA8304D06FA}.Debug|x86.ActiveCfg = Debug|Win32
		{82836D5B-D6EC-4543-8510-EDA8304D06FA}.Debug|x86.Build.0 = Debug|Win32
		{82836D5B-D6EC-4543-8510-EDA8304D06FA}.Release|x64.ActiveCfg = Release|x64
		{82836D5B-D6EC-4543-8510-EDA8304D06FA}.Release|x64.Build.0 = Release|x64
		{82836D5B-D6EC-4543-8510-EDA8304D06FA}.Release|x86.ActiveCfg = Release|Win32
		{82836D5B-D6EC-4543-8510-EDA8304D06FA}.Release|x86.Build.0 = Release|Win32
	EndGlobalSection
	GlobalSection(SolutionProperties) = preSolution
		HideSolutionNode = FALSE
	EndGlobalSection
	GlobalSection(ExtensibilityGlobals) = postSolution
		SolutionGuid = {0B24066D-BC09-4B1F-93AB-5531BFC13AED}
	EndGlobalSection
EndGlobal
